
Microsoft Visual Studio Solution File, Format Version 12.00
# Visual Studio 15
VisualStudioVersion = 15.0.27428.2015
MinimumVisualStudioVersion = 10.0.40219.1
Project("{8BC9CEB8-8B4A-11D0-8D11-00A0C91BC942}") = "Diffuri", "Diffuri\Diffuri.vcxproj", "{477D39F7-8583-4FD2-975F-B3380B372B8C}"
EndProject
Global
	GlobalSection(SolutionConfigurationPlatforms) = preSolution
		Debug|x64 = Debug|x64
		Debug|x86 = Debug|x86
		Release|x64 = Release|x64
		Release|x86 = Release|x86
	EndGlobalSection
	GlobalSection(ProjectConfigurationPlatforms) = postSolution
		{477D39F7-8583-4FD2-975F-B3380B372B8C}.Debug|x64.ActiveCfg = Debug|x64
		{477D39F7-8583-4FD2-975F-B3380B372B8C}.Debug|x64.Build.0 = Debug|x64
		{477D39F7-8583-4FD2-975F-B3380B372B8C}.Debug|x86.ActiveCfg = Debug|Win32
		{477D39F7-8583-4FD2-975F-B3380B372B8C}.Debug|x86.Build.0 = Debug|Win32
		{477D39F7-8583-4FD2-975F-B3380B372B8C}.Release|x64.ActiveCfg = Release|x64
		{477D39F7-8583-4FD2-975F-B3380B372B8C}.Release|x64.Build.0 = Release|x64
		{477D39F7-8583-4FD2-975F-B3380B372B8C}.Release|x86.ActiveCfg = Release|Win32
		{477D39F7-8583-4FD2-975F-B3380B372B8C}.Release|x86.Build.0 = Release|Win32
	EndGlobalSection
	GlobalSection(SolutionProperties) = preSolution
		HideSolutionNode = FALSE
	EndGlobalSection
	GlobalSection(ExtensibilityGlobals) = postSolution
		SolutionGuid = {4B583027-6DBD-4BDF-9EE5-79327FF53768}
	EndGlobalSection
EndGlobal
